
Microsoft Visual Studio Solution File, Format Version 12.00
# Visual Studio Version 16
VisualStudioVersion = 16.0.29609.76
MinimumVisualStudioVersion = 10.0.40219.1
Project("{FAE04EC0-301F-11D3-BF4B-00C04F79EFBC}") = "BonusLabNine", "BonusLabNine\BonusLabNine.csproj", "{61C4C08F-637A-4A44-9E4C-892C3723A510}"
EndProject
Global
	GlobalSection(SolutionConfigurationPlatforms) = preSolution
		Debug|Any CPU = Debug|Any CPU
		Release|Any CPU = Release|Any CPU
	EndGlobalSection
	GlobalSection(ProjectConfigurationPlatforms) = postSolution
		{61C4C08F-637A-4A44-9E4C-892C3723A510}.Debug|Any CPU.ActiveCfg = Debug|Any CPU
		{61C4C08F-637A-4A44-9E4C-892C3723A510}.Debug|Any CPU.Build.0 = Debug|Any CPU
		{61C4C08F-637A-4A44-9E4C-892C3723A510}.Release|Any CPU.ActiveCfg = Release|Any CPU
		{61C4C08F-637A-4A44-9E4C-892C3723A510}.Release|Any CPU.Build.0 = Release|Any CPU
	EndGlobalSection
	GlobalSection(SolutionProperties) = preSolution
		HideSolutionNode = FALSE
	EndGlobalSection
	GlobalSection(ExtensibilityGlobals) = postSolution
		SolutionGuid = {14E04F2D-6F3F-4B71-8E67-6EBF62ED791C}
	EndGlobalSection
EndGlobal
